// !$*UTF8*$!
{
	archiveVersion = 1;
	classes = {
	};
	objectVersion = 46;
	objects = {

/* Begin PBXBuildFile section */
		83B3C9691E3310F7009873BD /* AppDelegate.swift in Sources */ = {isa = PBXBuildFile; fileRef = 83B3C9681E3310F7009873BD /* AppDelegate.swift */; };
		83B3C96B1E3310F7009873BD /* ViewController.swift in Sources */ = {isa = PBXBuildFile; fileRef = 83B3C96A1E3310F7009873BD /* ViewController.swift */; };
		83B3C96E1E3310F7009873BD /* Main.storyboard in Resources */ = {isa = PBXBuildFile; fileRef = 83B3C96C1E3310F7009873BD /* Main.storyboard */; };
		83B3C9701E3310F7009873BD /* Assets.xcassets in Resources */ = {isa = PBXBuildFile; fileRef = 83B3C96F1E3310F7009873BD /* Assets.xcassets */; };
		83B3C9731E3310F7009873BD /* LaunchScreen.storyboard in Resources */ = {isa = PBXBuildFile; fileRef = 83B3C9711E3310F7009873BD /* LaunchScreen.storyboard */; };
		83B3C97E1E3310F7009873BD /* ETLTests.swift in Sources */ = {isa = PBXBuildFile; fileRef = 83B3C97D1E3310F7009873BD /* ETLTests.swift */; };
		83B3C9891E33115C009873BD /* ETL.swift in Sources */ = {isa = PBXBuildFile; fileRef = 83B3C9881E33115C009873BD /* ETL.swift */; };
/* End PBXBuildFile section */

/* Begin PBXContainerItemProxy section */
		83B3C97A1E3310F7009873BD /* PBXContainerItemProxy */ = {
			isa = PBXContainerItemProxy;
			containerPortal = 83B3C95D1E3310F6009873BD /* Project object */;
			proxyType = 1;
			remoteGlobalIDString = 83B3C9641E3310F7009873BD;
			remoteInfo = ETL;
		};
/* End PBXContainerItemProxy section */

/* Begin PBXFileReference section */
		83B3C9651E3310F7009873BD /* ETL.app */ = {isa = PBXFileReference; explicitFileType = wrapper.application; includeInIndex = 0; path = ETL.app; sourceTree = BUILT_PRODUCTS_DIR; };
		83B3C9681E3310F7009873BD /* AppDelegate.swift */ = {isa = PBXFileReference; lastKnownFileType = sourcecode.swift; path = AppDelegate.swift; sourceTree = "<group>"; };
		83B3C96A1E3310F7009873BD /* ViewController.swift */ = {isa = PBXFileReference; lastKnownFileType = sourcecode.swift; path = ViewController.swift; sourceTree = "<group>"; };
		83B3C96D1E3310F7009873BD /* Base */ = {isa = PBXFileReference; lastKnownFileType = file.storyboard; name = Base; path = Base.lproj/Main.storyboard; sourceTree = "<group>"; };
		83B3C96F1E3310F7009873BD /* Assets.xcassets */ = {isa = PBXFileReference; lastKnownFileType = folder.assetcatalog; path = Assets.xcassets; sourceTree = "<group>"; };
		83B3C9721E3310F7009873BD /* Base */ = {isa = PBXFileReference; lastKnownFileType = file.storyboard; name = Base; path = Base.lproj/LaunchScreen.storyboard; sourceTree = "<group>"; };
		83B3C9741E3310F7009873BD /* Info.plist */ = {isa = PBXFileReference; lastKnownFileType = text.plist.xml; path = Info.plist; sourceTree = "<group>"; };
		83B3C9791E3310F7009873BD /* ETLTests.xctest */ = {isa = PBXFileReference; explicitFileType = wrapper.cfbundle; includeInIndex = 0; path = ETLTests.xctest; sourceTree = BUILT_PRODUCTS_DIR; };
		83B3C97D1E3310F7009873BD /* ETLTests.swift */ = {isa = PBXFileReference; lastKnownFileType = sourcecode.swift; path = ETLTests.swift; sourceTree = "<group>"; };
		83B3C97F1E3310F7009873BD /* Info.plist */ = {isa = PBXFileReference; lastKnownFileType = text.plist.xml; path = Info.plist; sourceTree = "<group>"; };
		83B3C9881E33115C009873BD /* ETL.swift */ = {isa = PBXFileReference; fileEncoding = 4; lastKnownFileType = sourcecode.swift; path = ETL.swift; sourceTree = "<group>"; };
/* End PBXFileReference section */

/* Begin PBXFrameworksBuildPhase section */
		83B3C9621E3310F7009873BD /* Frameworks */ = {
			isa = PBXFrameworksBuildPhase;
			buildActionMask = 2147483647;
			files = (
			);
			runOnlyForDeploymentPostprocessing = 0;
		};
		83B3C9761E3310F7009873BD /* Frameworks */ = {
			isa = PBXFrameworksBuildPhase;
			buildActionMask = 2147483647;
			files = (
			);
			runOnlyForDeploymentPostprocessing = 0;
		};
/* End PBXFrameworksBuildPhase section */

/* Begin PBXGroup section */
		83B3C95C1E3310F6009873BD = {
			isa = PBXGroup;
			children = (
				83B3C9671E3310F7009873BD /* ETL */,
				83B3C97C1E3310F7009873BD /* ETLTests */,
				83B3C9661E3310F7009873BD /* Products */,
			);
			sourceTree = "<group>";
		};
		83B3C9661E3310F7009873BD /* Products */ = {
			isa = PBXGroup;
			children = (
				83B3C9651E3310F7009873BD /* ETL.app */,
				83B3C9791E3310F7009873BD /* ETLTests.xctest */,
			);
			name = Products;
			sourceTree = "<group>";
		};
		83B3C9671E3310F7009873BD /* ETL */ = {
			isa = PBXGroup;
			children = (
				83B3C9681E3310F7009873BD /* AppDelegate.swift */,
				83B3C96A1E3310F7009873BD /* ViewController.swift */,
				83B3C96C1E3310F7009873BD /* Main.storyboard */,
				83B3C96F1E3310F7009873BD /* Assets.xcassets */,
				83B3C9711E3310F7009873BD /* LaunchScreen.storyboard */,
				83B3C9741E3310F7009873BD /* Info.plist */,
				83B3C9881E33115C009873BD /* ETL.swift */,
			);
			path = ETL;
			sourceTree = "<group>";
		};
		83B3C97C1E3310F7009873BD /* ETLTests */ = {
			isa = PBXGroup;
			children = (
				83B3C97D1E3310F7009873BD /* ETLTests.swift */,
				83B3C97F1E3310F7009873BD /* Info.plist */,
			);
			path = ETLTests;
			sourceTree = "<group>";
		};
/* End PBXGroup section */

/* Begin PBXNativeTarget section */
		83B3C9641E3310F7009873BD /* ETL */ = {
			isa = PBXNativeTarget;
			buildConfigurationList = 83B3C9821E3310F7009873BD /* Build configuration list for PBXNativeTarget "ETL" */;
			buildPhases = (
				83B3C9611E3310F7009873BD /* Sources */,
				83B3C9621E3310F7009873BD /* Frameworks */,
				83B3C9631E3310F7009873BD /* Resources */,
			);
			buildRules = (
			);
			dependencies = (
			);
			name = ETL;
			productName = ETL;
			productReference = 83B3C9651E3310F7009873BD /* ETL.app */;
			productType = "com.apple.product-type.application";
		};
		83B3C9781E3310F7009873BD /* ETLTests */ = {
			isa = PBXNativeTarget;
			buildConfigurationList = 83B3C9851E3310F7009873BD /* Build configuration list for PBXNativeTarget "ETLTests" */;
			buildPhases = (
				83B3C9751E3310F7009873BD /* Sources */,
				83B3C9761E3310F7009873BD /* Frameworks */,
				83B3C9771E3310F7009873BD /* Resources */,
			);
			buildRules = (
			);
			dependencies = (
				83B3C97B1E3310F7009873BD /* PBXTargetDependency */,
			);
			name = ETLTests;
			productName = ETLTests;
			productReference = 83B3C9791E3310F7009873BD /* ETLTests.xctest */;
			productType = "com.apple.product-type.bundle.unit-test";
		};
/* End PBXNativeTarget section */

/* Begin PBXProject section */
		83B3C95D1E3310F6009873BD /* Project object */ = {
			isa = PBXProject;
			attributes = {
				LastSwiftUpdateCheck = 0820;
				LastUpgradeCheck = 0820;
				ORGANIZATIONNAME = "Dongyoon Kang";
				TargetAttributes = {
					83B3C9641E3310F7009873BD = {
						CreatedOnToolsVersion = 8.2.1;
						ProvisioningStyle = Automatic;
					};
					83B3C9781E3310F7009873BD = {
						CreatedOnToolsVersion = 8.2.1;
						ProvisioningStyle = Automatic;
						TestTargetID = 83B3C9641E3310F7009873BD;
					};
				};
			};
			buildConfigurationList = 83B3C9601E3310F6009873BD /* Build configuration list for PBXProject "ETL" */;
			compatibilityVersion = "Xcode 3.2";
			developmentRegion = English;
			hasScannedForEncodings = 0;
			knownRegions = (
				en,
				Base,
			);
			mainGroup = 83B3C95C1E3310F6009873BD;
			productRefGroup = 83B3C9661E3310F7009873BD /* Products */;
			projectDirPath = "";
			projectRoot = "";
			targets = (
				83B3C9641E3310F7009873BD /* ETL */,
				83B3C9781E3310F7009873BD /* ETLTests */,
			);
		};
/* End PBXProject section */

/* Begin PBXResourcesBuildPhase section */
		83B3C9631E3310F7009873BD /* Resources */ = {
			isa = PBXResourcesBuildPhase;
			buildActionMask = 2147483647;
			files = (
				83B3C9731E3310F7009873BD /* LaunchScreen.storyboard in Resources */,
				83B3C9701E3310F7009873BD /* Assets.xcassets in Resources */,
				83B3C96E1E3310F7009873BD /* Main.storyboard in Resources */,
			);
			runOnlyForDeploymentPostprocessing = 0;
		};
		83B3C9771E3310F7009873BD /* Resources */ = {
			isa = PBXResourcesBuildPhase;
			buildActionMask = 2147483647;
			files = (
			);
			runOnlyForDeploymentPostprocessing = 0;
		};
/* End PBXResourcesBuildPhase section */

/* Begin PBXSourcesBuildPhase section */
		83B3C9611E3310F7009873BD /* Sources */ = {
			isa = PBXSourcesBuildPhase;
			buildActionMask = 2147483647;
			files = (
				83B3C96B1E3310F7009873BD /* ViewController.swift in Sources */,
				83B3C9891E33115C009873BD /* ETL.swift in Sources */,
				83B3C9691E3310F7009873BD /* AppDelegate.swift in Sources */,
			);
			runOnlyForDeploymentPostprocessing = 0;
		};
		83B3C9751E3310F7009873BD /* Sources */ = {
			isa = PBXSourcesBuildPhase;
			buildActionMask = 2147483647;
			files = (
				83B3C97E1E3310F7009873BD /* ETLTests.swift in Sources */,
			);
			runOnlyForDeploymentPostprocessing = 0;
		};
/* End PBXSourcesBuildPhase section */

/* Begin PBXTargetDependency section */
		83B3C97B1E3310F7009873BD /* PBXTargetDependency */ = {
			isa = PBXTargetDependency;
			target = 83B3C9641E3310F7009873BD /* ETL */;
			targetProxy = 83B3C97A1E3310F7009873BD /* PBXContainerItemProxy */;
		};
/* End PBXTargetDependency section */

/* Begin PBXVariantGroup section */
		83B3C96C1E3310F7009873BD /* Main.storyboard */ = {
			isa = PBXVariantGroup;
			children = (
				83B3C96D1E3310F7009873BD /* Base */,
			);
			name = Main.storyboard;
			sourceTree = "<group>";
		};
		83B3C9711E3310F7009873BD /* LaunchScreen.storyboard */ = {
			isa = PBXVariantGroup;
			children = (
				83B3C9721E3310F7009873BD /* Base */,
			);
			name = LaunchScreen.storyboard;
			sourceTree = "<group>";
		};
/* End PBXVariantGroup section */

/* Begin XCBuildConfiguration section */
		83B3C9801E3310F7009873BD /* Debug */ = {
			isa = XCBuildConfiguration;
			buildSettings = {
				ALWAYS_SEARCH_USER_PATHS = NO;
				CLANG_ANALYZER_NONNULL = YES;
				CLANG_CXX_LANGUAGE_STANDARD = "gnu++0x";
				CLANG_CXX_LIBRARY = "libc++";
				CLANG_ENABLE_MODULES = YES;
				CLANG_ENABLE_OBJC_ARC = YES;
				CLANG_WARN_BOOL_CONVERSION = YES;
				CLANG_WARN_CONSTANT_CONVERSION = YES;
				CLANG_WARN_DIRECT_OBJC_ISA_USAGE = YES_ERROR;
				CLANG_WARN_DOCUMENTATION_COMMENTS = YES;
				CLANG_WARN_EMPTY_BODY = YES;
				CLANG_WARN_ENUM_CONVERSION = YES;
				CLANG_WARN_INFINITE_RECURSION = YES;
				CLANG_WARN_INT_CONVERSION = YES;
				CLANG_WARN_OBJC_ROOT_CLASS = YES_ERROR;
				CLANG_WARN_SUSPICIOUS_MOVE = YES;
				CLANG_WARN_UNREACHABLE_CODE = YES;
				CLANG_WARN__DUPLICATE_METHOD_MATCH = YES;
				"CODE_SIGN_IDENTITY[sdk=iphoneos*]" = "iPhone Developer";
				COPY_PHASE_STRIP = NO;
				DEBUG_INFORMATION_FORMAT = dwarf;
				ENABLE_STRICT_OBJC_MSGSEND = YES;
				ENABLE_TESTABILITY = YES;
				GCC_C_LANGUAGE_STANDARD = gnu99;
				GCC_DYNAMIC_NO_PIC = NO;
				GCC_NO_COMMON_BLOCKS = YES;
				GCC_OPTIMIZATION_LEVEL = 0;
				GCC_PREPROCESSOR_DEFINITIONS = (
					"DEBUG=1",
					"$(inherited)",
				);
				GCC_WARN_64_TO_32_BIT_CONVERSION = YES;
				GCC_WARN_ABOUT_RETURN_TYPE = YES_ERROR;
				GCC_WARN_UNDECLARED_SELECTOR = YES;
				GCC_WARN_UNINITIALIZED_AUTOS = YES_AGGRESSIVE;
				GCC_WARN_UNUSED_FUNCTION = YES;
				GCC_WARN_UNUSED_VARIABLE = YES;
				IPHONEOS_DEPLOYMENT_TARGET = 10.2;
				MTL_ENABLE_DEBUG_INFO = YES;
				ONLY_ACTIVE_ARCH = YES;
				SDKROOT = iphoneos;
				SWIFT_ACTIVE_COMPILATION_CONDITIONS = DEBUG;
				SWIFT_OPTIMIZATION_LEVEL = "-Onone";
				TARGETED_DEVICE_FAMILY = "1,2";
			};
			name = Debug;
		};
		83B3C9811E3310F7009873BD /* Release */ = {
			isa = XCBuildConfiguration;
			buildSettings = {
				ALWAYS_SEARCH_USER_PATHS = NO;
				CLANG_ANALYZER_NONNULL = YES;
				CLANG_CXX_LANGUAGE_STANDARD = "gnu++0x";
				CLANG_CXX_LIBRARY = "libc++";
				CLANG_ENABLE_MODULES = YES;
				CLANG_ENABLE_OBJC_ARC = YES;
				CLANG_WARN_BOOL_CONVERSION = YES;
				CLANG_WARN_CONSTANT_CONVERSION = YES;
				CLANG_WARN_DIRECT_OBJC_ISA_USAGE = YES_ERROR;
				CLANG_WARN_DOCUMENTATION_COMMENTS = YES;
				CLANG_WARN_EMPTY_BODY = YES;
				CLANG_WARN_ENUM_CONVERSION = YES;
				CLANG_WARN_INFINITE_RECURSION = YES;
				CLANG_WARN_INT_CONVERSION = YES;
				CLANG_WARN_OBJC_ROOT_CLASS = YES_ERROR;
				CLANG_WARN_SUSPICIOUS_MOVE = YES;
				CLANG_WARN_UNREACHABLE_CODE = YES;
				CLANG_WARN__DUPLICATE_METHOD_MATCH = YES;
				"CODE_SIGN_IDENTITY[sdk=iphoneos*]" = "iPhone Developer";
				COPY_PHASE_STRIP = NO;
				DEBUG_INFORMATION_FORMAT = "dwarf-with-dsym";
				ENABLE_NS_ASSERTIONS = NO;
				ENABLE_STRICT_OBJC_MSGSEND = YES;
				GCC_C_LANGUAGE_STANDARD = gnu99;
				GCC_NO_COMMON_BLOCKS = YES;
				GCC_WARN_64_TO_32_BIT_CONVERSION = YES;
				GCC_WARN_ABOUT_RETURN_TYPE = YES_ERROR;
				GCC_WARN_UNDECLARED_SELECTOR = YES;
				GCC_WARN_UNINITIALIZED_AUTOS = YES_AGGRESSIVE;
				GCC_WARN_UNUSED_FUNCTION = YES;
				GCC_WARN_UNUSED_VARIABLE = YES;
				IPHONEOS_DEPLOYMENT_TARGET = 10.2;
				MTL_ENABLE_DEBUG_INFO = NO;
				SDKROOT = iphoneos;
				SWIFT_OPTIMIZATION_LEVEL = "-Owholemodule";
				TARGETED_DEVICE_FAMILY = "1,2";
				VALIDATE_PRODUCT = YES;
			};
			name = Release;
		};
		83B3C9831E3310F7009873BD /* Debug */ = {
			isa = XCBuildConfiguration;
			buildSettings = {
				ASSETCATALOG_COMPILER_APPICON_NAME = AppIcon;
				INFOPLIST_FILE = ETL/Info.plist;
				LD_RUNPATH_SEARCH_PATHS = "$(inherited) @executable_path/Frameworks";
				PRODUCT_BUNDLE_IDENTIFIER = com.boostcamp.ETL;
				PRODUCT_NAME = "$(TARGET_NAME)";
				SWIFT_VERSION = 3.0;
			};
			name = Debug;
		};
		83B3C9841E3310F7009873BD /* Release */ = {
			isa = XCBuildConfiguration;
			buildSettings = {
				ASSETCATALOG_COMPILER_APPICON_NAME = AppIcon;
				INFOPLIST_FILE = ETL/Info.plist;
				LD_RUNPATH_SEARCH_PATHS = "$(inherited) @executable_path/Frameworks";
				PRODUCT_BUNDLE_IDENTIFIER = com.boostcamp.ETL;
				PRODUCT_NAME = "$(TARGET_NAME)";
				SWIFT_VERSION = 3.0;
			};
			name = Release;
		};
		83B3C9861E3310F7009873BD /* Debug */ = {
			isa = XCBuildConfiguration;
			buildSettings = {
				ALWAYS_EMBED_SWIFT_STANDARD_LIBRARIES = YES;
				BUNDLE_LOADER = "$(TEST_HOST)";
				INFOPLIST_FILE = ETLTests/Info.plist;
				LD_RUNPATH_SEARCH_PATHS = "$(inherited) @executable_path/Frameworks @loader_path/Frameworks";
				PRODUCT_BUNDLE_IDENTIFIER = com.boostcamp.ETLTests;
				PRODUCT_NAME = "$(TARGET_NAME)";
				SWIFT_VERSION = 3.0;
				TEST_HOST = "$(BUILT_PRODUCTS_DIR)/ETL.app/ETL";
			};
			name = Debug;
		};
		83B3C9871E3310F7009873BD /* Release */ = {
			isa = XCBuildConfiguration;
			buildSettings = {
				ALWAYS_EMBED_SWIFT_STANDARD_LIBRARIES = YES;
				BUNDLE_LOADER = "$(TEST_HOST)";
				INFOPLIST_FILE = ETLTests/Info.plist;
				LD_RUNPATH_SEARCH_PATHS = "$(inherited) @executable_path/Frameworks @loader_path/Frameworks";
				PRODUCT_BUNDLE_IDENTIFIER = com.boostcamp.ETLTests;
				PRODUCT_NAME = "$(TARGET_NAME)";
				SWIFT_VERSION = 3.0;
				TEST_HOST = "$(BUILT_PRODUCTS_DIR)/ETL.app/ETL";
			};
			name = Release;
		};
/* End XCBuildConfiguration section */

/* Begin XCConfigurationList section */
		83B3C9601E3310F6009873BD /* Build configuration list for PBXProject "ETL" */ = {
			isa = XCConfigurationList;
			buildConfigurations = (
				83B3C9801E3310F7009873BD /* Debug */,
				83B3C9811E3310F7009873BD /* Release */,
			);
			defaultConfigurationIsVisible = 0;
			defaultConfigurationName = Release;
		};
		83B3C9821E3310F7009873BD /* Build configuration list for PBXNativeTarget "ETL" */ = {
			isa = XCConfigurationList;
			buildConfigurations = (
				83B3C9831E3310F7009873BD /* Debug */,
				83B3C9841E3310F7009873BD /* Release */,
			);
			defaultConfigurationIsVisible = 0;
		};
		83B3C9851E3310F7009873BD /* Build configuration list for PBXNativeTarget "ETLTests" */ = {
			isa = XCConfigurationList;
			buildConfigurations = (
				83B3C9861E3310F7009873BD /* Debug */,
				83B3C9871E3310F7009873BD /* Release */,
			);
			defaultConfigurationIsVisible = 0;
		};
/* End XCConfigurationList section */
	};
	rootObject = 83B3C95D1E3310F6009873BD /* Project object */;
}
